
Microsoft Visual Studio Solution File, Format Version 12.00
# Visual Studio Version 16
VisualStudioVersion = 16.0.32228.343
MinimumVisualStudioVersion = 10.0.40219.1
Project("{9A19103F-16F7-4668-BE54-9A1E7A4F7556}") = "FilmesAPI", "FilmesAPI\FilmesAPI.csproj", "{745F8883-B16F-4832-A272-DF39D0D4A244}"
EndProject
Project("{FAE04EC0-301F-11D3-BF4B-00C04F79EFBC}") = "UsuariosApi", "UsuariosApi\UsuariosApi.csproj", "{BB231B3C-65DF-4115-9611-68408815E294}"
EndProject
Global
	GlobalSection(SolutionConfigurationPlatforms) = preSolution
		Debug|Any CPU = Debug|Any CPU
		Release|Any CPU = Release|Any CPU
	EndGlobalSection
	GlobalSection(ProjectConfigurationPlatforms) = postSolution
		{745F8883-B16F-4832-A272-DF39D0D4A244}.Debug|Any CPU.ActiveCfg = Debug|Any CPU
		{745F8883-B16F-4832-A272-DF39D0D4A244}.Debug|Any CPU.Build.0 = Debug|Any CPU
		{745F8883-B16F-4832-A272-DF39D0D4A244}.Release|Any CPU.ActiveCfg = Release|Any CPU
		{745F8883-B16F-4832-A272-DF39D0D4A244}.Release|Any CPU.Build.0 = Release|Any CPU
		{BB231B3C-65DF-4115-9611-68408815E294}.Debug|Any CPU.ActiveCfg = Debug|Any CPU
		{BB231B3C-65DF-4115-9611-68408815E294}.Debug|Any CPU.Build.0 = Debug|Any CPU
		{BB231B3C-65DF-4115-9611-68408815E294}.Release|Any CPU.ActiveCfg = Release|Any CPU
		{BB231B3C-65DF-4115-9611-68408815E294}.Release|Any CPU.Build.0 = Release|Any CPU
	EndGlobalSection
	GlobalSection(SolutionProperties) = preSolution
		HideSolutionNode = FALSE
	EndGlobalSection
	GlobalSection(ExtensibilityGlobals) = postSolution
		SolutionGuid = {A2E5C03B-3FB3-4214-B1C8-BFEBE71A0B1D}
	EndGlobalSection
EndGlobal
